
Microsoft Visual Studio Solution File, Format Version 12.00
# Visual Studio Version 16
VisualStudioVersion = 16.0.32126.315
MinimumVisualStudioVersion = 10.0.40219.1
Project("{FAE04EC0-301F-11D3-BF4B-00C04F79EFBC}") = "RowdyFactor.Processing", "RowdyFactor.Processing\RowdyFactor.Processing.csproj", "{F248C9BC-80D8-4A65-BCB6-2A7B16AF7EEF}"
EndProject
Project("{FAE04EC0-301F-11D3-BF4B-00C04F79EFBC}") = "RowdyFactor.ConsoleApp", "RowdyFactor.Console\RowdyFactor.ConsoleApp.csproj", "{8118D334-6EC6-45F2-9ACE-A31601B587F1}"
EndProject
Global
	GlobalSection(SolutionConfigurationPlatforms) = preSolution
		Debug|Any CPU = Debug|Any CPU
		Release|Any CPU = Release|Any CPU
	EndGlobalSection
	GlobalSection(ProjectConfigurationPlatforms) = postSolution
		{F248C9BC-80D8-4A65-BCB6-2A7B16AF7EEF}.Debug|Any CPU.ActiveCfg = Debug|Any CPU
		{F248C9BC-80D8-4A65-BCB6-2A7B16AF7EEF}.Debug|Any CPU.Build.0 = Debug|Any CPU
		{F248C9BC-80D8-4A65-BCB6-2A7B16AF7EEF}.Release|Any CPU.ActiveCfg = Release|Any CPU
		{F248C9BC-80D8-4A65-BCB6-2A7B16AF7EEF}.Release|Any CPU.Build.0 = Release|Any CPU
		{8118D334-6EC6-45F2-9ACE-A31601B587F1}.Debug|Any CPU.ActiveCfg = Debug|Any CPU
		{8118D334-6EC6-45F2-9ACE-A31601B587F1}.Debug|Any CPU.Build.0 = Debug|Any CPU
		{8118D334-6EC6-45F2-9ACE-A31601B587F1}.Release|Any CPU.ActiveCfg = Release|Any CPU
		{8118D334-6EC6-45F2-9ACE-A31601B587F1}.Release|Any CPU.Build.0 = Release|Any CPU
	EndGlobalSection
	GlobalSection(SolutionProperties) = preSolution
		HideSolutionNode = FALSE
	EndGlobalSection
	GlobalSection(ExtensibilityGlobals) = postSolution
		SolutionGuid = {6E8FAEFA-941E-4788-B1B4-4E27D5CC4149}
	EndGlobalSection
EndGlobal
