
Microsoft Visual Studio Solution File, Format Version 12.00
# Visual Studio Version 17
VisualStudioVersion = 17.8.34525.116
MinimumVisualStudioVersion = 10.0.40219.1
Project("{9A19103F-16F7-4668-BE54-9A1E7A4F7556}") = "RowdyFactor.Processing", "RowdyFactor.Processing\RowdyFactor.Processing.csproj", "{F248C9BC-80D8-4A65-BCB6-2A7B16AF7EEF}"
EndProject
Project("{9A19103F-16F7-4668-BE54-9A1E7A4F7556}") = "RowdyFactor.ConsoleApp", "RowdyFactor.Console\RowdyFactor.ConsoleApp.csproj", "{8118D334-6EC6-45F2-9ACE-A31601B587F1}"
EndProject
Project("{9A19103F-16F7-4668-BE54-9A1E7A4F7556}") = "RowdyFactor.WinForms", "RowdyFactor.WinForms\RowdyFactor.WinForms.csproj", "{3DB93C7D-8B4F-4B93-8021-29567B17A2C6}"
EndProject
Project("{9A19103F-16F7-4668-BE54-9A1E7A4F7556}") = "RowdyFactor.Tests", "RowdyFactor.Tests\RowdyFactor.Tests.csproj", "{5D90C1D6-5FDF-448E-AB87-4FC19EB91B02}"
EndProject
Global
	GlobalSection(SolutionConfigurationPlatforms) = preSolution
		Debug|Any CPU = Debug|Any CPU
		Release|Any CPU = Release|Any CPU
	EndGlobalSection
	GlobalSection(ProjectConfigurationPlatforms) = postSolution
		{F248C9BC-80D8-4A65-BCB6-2A7B16AF7EEF}.Debug|Any CPU.ActiveCfg = Debug|Any CPU
		{F248C9BC-80D8-4A65-BCB6-2A7B16AF7EEF}.Debug|Any CPU.Build.0 = Debug|Any CPU
		{F248C9BC-80D8-4A65-BCB6-2A7B16AF7EEF}.Release|Any CPU.ActiveCfg = Release|Any CPU
		{F248C9BC-80D8-4A65-BCB6-2A7B16AF7EEF}.Release|Any CPU.Build.0 = Release|Any CPU
		{8118D334-6EC6-45F2-9ACE-A31601B587F1}.Debug|Any CPU.ActiveCfg = Debug|Any CPU
		{8118D334-6EC6-45F2-9ACE-A31601B587F1}.Debug|Any CPU.Build.0 = Debug|Any CPU
		{8118D334-6EC6-45F2-9ACE-A31601B587F1}.Release|Any CPU.ActiveCfg = Release|Any CPU
		{8118D334-6EC6-45F2-9ACE-A31601B587F1}.Release|Any CPU.Build.0 = Release|Any CPU
		{3DB93C7D-8B4F-4B93-8021-29567B17A2C6}.Debug|Any CPU.ActiveCfg = Debug|Any CPU
		{3DB93C7D-8B4F-4B93-8021-29567B17A2C6}.Debug|Any CPU.Build.0 = Debug|Any CPU
		{3DB93C7D-8B4F-4B93-8021-29567B17A2C6}.Release|Any CPU.ActiveCfg = Release|Any CPU
		{3DB93C7D-8B4F-4B93-8021-29567B17A2C6}.Release|Any CPU.Build.0 = Release|Any CPU
		{5D90C1D6-5FDF-448E-AB87-4FC19EB91B02}.Debug|Any CPU.ActiveCfg = Debug|Any CPU
		{5D90C1D6-5FDF-448E-AB87-4FC19EB91B02}.Debug|Any CPU.Build.0 = Debug|Any CPU
		{5D90C1D6-5FDF-448E-AB87-4FC19EB91B02}.Release|Any CPU.ActiveCfg = Release|Any CPU
		{5D90C1D6-5FDF-448E-AB87-4FC19EB91B02}.Release|Any CPU.Build.0 = Release|Any CPU
	EndGlobalSection
	GlobalSection(SolutionProperties) = preSolution
		HideSolutionNode = FALSE
	EndGlobalSection
	GlobalSection(ExtensibilityGlobals) = postSolution
		SolutionGuid = {6E8FAEFA-941E-4788-B1B4-4E27D5CC4149}
	EndGlobalSection
EndGlobal
